
Microsoft Visual Studio Solution File, Format Version 12.00
# Visual Studio Version 16
VisualStudioVersion = 16.0.29709.97
MinimumVisualStudioVersion = 10.0.40219.1
Project("{FAE04EC0-301F-11D3-BF4B-00C04F79EFBC}") = "PracticeProblems", "PracticeProblems\PracticeProblems.csproj", "{0DBA16D2-BCD3-47D9-89B5-C169F31D6106}"
EndProject
Global
	GlobalSection(SolutionConfigurationPlatforms) = preSolution
		Debug|Any CPU = Debug|Any CPU
		Release|Any CPU = Release|Any CPU
	EndGlobalSection
	GlobalSection(ProjectConfigurationPlatforms) = postSolution
		{0DBA16D2-BCD3-47D9-89B5-C169F31D6106}.Debug|Any CPU.ActiveCfg = Debug|Any CPU
		{0DBA16D2-BCD3-47D9-89B5-C169F31D6106}.Debug|Any CPU.Build.0 = Debug|Any CPU
		{0DBA16D2-BCD3-47D9-89B5-C169F31D6106}.Release|Any CPU.ActiveCfg = Release|Any CPU
		{0DBA16D2-BCD3-47D9-89B5-C169F31D6106}.Release|Any CPU.Build.0 = Release|Any CPU
	EndGlobalSection
	GlobalSection(SolutionProperties) = preSolution
		HideSolutionNode = FALSE
	EndGlobalSection
	GlobalSection(ExtensibilityGlobals) = postSolution
		SolutionGuid = {7A1E3F9E-25C0-457B-9077-9A09995A35EC}
	EndGlobalSection
EndGlobal
